
Microsoft Visual Studio Solution File, Format Version 12.00
# Visual Studio Version 17
VisualStudioVersion = 17.5.002.0
MinimumVisualStudioVersion = 10.0.40219.1
Project("{9A19103F-16F7-4668-BE54-9A1E7A4F7556}") = "HelgaPaymentTelegramBot", "HelgaPaymentTelegramBot.csproj", "{6F130065-E06D-429A-A671-7939C204E59D}"
EndProject
Global
	GlobalSection(SolutionConfigurationPlatforms) = preSolution
		Debug|Any CPU = Debug|Any CPU
		Release|Any CPU = Release|Any CPU
	EndGlobalSection
	GlobalSection(ProjectConfigurationPlatforms) = postSolution
		{6F130065-E06D-429A-A671-7939C204E59D}.Debug|Any CPU.ActiveCfg = Debug|Any CPU
		{6F130065-E06D-429A-A671-7939C204E59D}.Debug|Any CPU.Build.0 = Debug|Any CPU
		{6F130065-E06D-429A-A671-7939C204E59D}.Release|Any CPU.ActiveCfg = Release|Any CPU
		{6F130065-E06D-429A-A671-7939C204E59D}.Release|Any CPU.Build.0 = Release|Any CPU
	EndGlobalSection
	GlobalSection(SolutionProperties) = preSolution
		HideSolutionNode = FALSE
	EndGlobalSection
	GlobalSection(ExtensibilityGlobals) = postSolution
		SolutionGuid = {0139D4DC-1D9C-4D2B-A81E-0E666DA0915A}
	EndGlobalSection
EndGlobal
